version: 7
platforms:
- name: osx-arm64
  virtual-packages:
  - __unix=0=0
  - __osx=13.0
  - __archspec=0=m1
environments:
  default:
    channels:
    - url: https://conda.anaconda.org/conda-forge/
    packages:
      osx-arm64:
      - conda: https://conda.anaconda.org/conda-forge/noarch/ca-certificates-2026.7.22-hbd8a1cb_0.conda
      - conda: https://conda.anaconda.org/conda-forge/noarch/font-ttf-dejavu-sans-mono-2.37-hab24e00_0.tar.bz2
      - conda: https://conda.anaconda.org/conda-forge/noarch/font-ttf-inconsolata-3.000-h77eed37_0.tar.bz2
      - conda: https://conda.anaconda.org/conda-forge/noarch/font-ttf-source-code-pro-2.038-h77eed37_0.tar.bz2
      - conda: https://conda.anaconda.org/conda-forge/noarch/font-ttf-ubuntu-0.83-h77eed37_3.conda
      - conda: https://conda.anaconda.org/conda-forge/noarch/fonts-conda-ecosystem-1-0.tar.bz2
      - conda: https://conda.anaconda.org/conda-forge/noarch/fonts-conda-forge-1-hc364b38_1.conda
      - conda: https://conda.anaconda.org/conda-forge/osx-arm64/aom-3.14.1-pl5321hf79ea98_2.conda
      - conda: https://conda.anaconda.org/conda-forge/osx-arm64/bzip2-1.0.8-h4e30115_10.conda
      - conda: https://conda.anaconda.org/conda-forge/osx-arm64/cairo-1.18.4-h580cee5_3.conda
      - conda: https://conda.anaconda.org/conda-forge/osx-arm64/dav1d-1.2.1-hb547adb_0.conda
      - conda: https://conda.anaconda.org/conda-forge/osx-arm64/dbus-1.16.2-hf049998_2.conda
      - conda: https://conda.anaconda.org/conda-forge/osx-arm64/ffmpeg-9.0.1-gpl_h7659707_101.conda
      - conda: https://conda.anaconda.org/conda-forge/osx-arm64/fontconfig-2.18.3-h81aa574_1.conda
      - conda: https://conda.anaconda.org/conda-forge/osx-arm64/freetype-2.14.3-hce30654_2.conda
      - conda: https://conda.anaconda.org/conda-forge/osx-arm64/fribidi-1.0.16-h84a0fba_1.conda
      - conda: https://conda.anaconda.org/conda-forge/osx-arm64/gdk-pixbuf-2.44.8-h5867e2c_1.conda
      - conda: https://conda.anaconda.org/conda-forge/osx-arm64/glslang-16.5.0-h1a33c25_2.conda
      - conda: https://conda.anaconda.org/conda-forge/osx-arm64/gmp-6.3.0-hf5e55b1_3.conda
      - conda: https://conda.anaconda.org/conda-forge/osx-arm64/graphite2-1.3.15-h784d473_1.conda
      - conda: https://conda.anaconda.org/conda-forge/osx-arm64/harfbuzz-14.4.0-hce30654_0.conda
      - conda: https://conda.anaconda.org/conda-forge/osx-arm64/icu-78.3-py310h579977c_2.conda
      - conda: https://conda.anaconda.org/conda-forge/osx-arm64/lame-4.0-hef9b5c2_1.conda
      - conda: https://conda.anaconda.org/conda-forge/osx-arm64/lcms2-2.19.1-hce41798_2.conda
      - conda: https://conda.anaconda.org/conda-forge/osx-arm64/lerc-4.2.0-h1eee2c3_0.conda
      - conda: https://conda.anaconda.org/conda-forge/osx-arm64/libabseil-20260526.0-cxx17_h4c27e2a_2.conda
      - conda: https://conda.anaconda.org/conda-forge/osx-arm64/libass-0.17.5-h3245dfc_0.conda
      - conda: https://conda.anaconda.org/conda-forge/osx-arm64/libbrotlicommon-1.2.0-h1dcdb26_3.conda
      - conda: https://conda.anaconda.org/conda-forge/osx-arm64/libbrotlidec-1.2.0-h5295a6a_3.conda
      - conda: https://conda.anaconda.org/conda-forge/osx-arm64/libbrotlienc-1.2.0-h2ddc9cb_3.conda
      - conda: https://conda.anaconda.org/conda-forge/osx-arm64/libcxx-23.1.0-h55c6f16_0.conda
      - conda: https://conda.anaconda.org/conda-forge/osx-arm64/libdeflate-1.25-he7e0567_1.conda
      - conda: https://conda.anaconda.org/conda-forge/osx-arm64/libdovi-3.4.0-h78f8ca3_0.conda
      - conda: https://conda.anaconda.org/conda-forge/osx-arm64/libexpat-2.8.1-hf6b4638_1.conda
      - conda: https://conda.anaconda.org/conda-forge/osx-arm64/libffi-3.7.0-h47dc5ef_1.conda
      - conda: https://conda.anaconda.org/conda-forge/osx-arm64/libfreetype-2.14.3-hce30654_2.conda
      - conda: https://conda.anaconda.org/conda-forge/osx-arm64/libfreetype6-2.14.3-h2ed5691_2.conda
      - conda: https://conda.anaconda.org/conda-forge/osx-arm64/libglib-2.88.3-h89cd0c0_2.conda
      - conda: https://conda.anaconda.org/conda-forge/osx-arm64/libharfbuzz-14.4.0-hcda0f7c_0.conda
      - conda: https://conda.anaconda.org/conda-forge/osx-arm64/libharfbuzz-devel-14.4.0-hcda0f7c_0.conda
      - conda: https://conda.anaconda.org/conda-forge/osx-arm64/libhwloc-2.13.0-default_ha97f43a_1000.conda
      - conda: https://conda.anaconda.org/conda-forge/osx-arm64/libhwy-1.4.0-hd2bdd19_1.conda
      - conda: https://conda.anaconda.org/conda-forge/osx-arm64/libiconv-1.18-he4c29f2_3.conda
      - conda: https://conda.anaconda.org/conda-forge/osx-arm64/libintl-0.25.1-h493aca8_0.conda
      - conda: https://conda.anaconda.org/conda-forge/osx-arm64/libjpeg-turbo-3.2.0-h84a0fba_1.conda
      - conda: https://conda.anaconda.org/conda-forge/osx-arm64/libjxl-0.12.0-hb71b141_2.conda
      - conda: https://conda.anaconda.org/conda-forge/osx-arm64/liblzma-5.8.3-h8088a28_1.conda
      - conda: https://conda.anaconda.org/conda-forge/osx-arm64/libogg-1.3.5-h48c0fde_1.conda
      - conda: https://conda.anaconda.org/conda-forge/osx-arm64/libopenvino-2026.3.1-h036fd89_0.conda
      - conda: https://conda.anaconda.org/conda-forge/osx-arm64/libopenvino-arm-cpu-plugin-2026.3.1-h036fd89_0.conda
      - conda: https://conda.anaconda.org/conda-forge/osx-arm64/libopenvino-auto-batch-plugin-2026.3.1-h4771a85_0.conda
      - conda: https://conda.anaconda.org/conda-forge/osx-arm64/libopenvino-auto-plugin-2026.3.1-h4771a85_0.conda
      - conda: https://conda.anaconda.org/conda-forge/osx-arm64/libopenvino-hetero-plugin-2026.3.1-h7561220_0.conda
      - conda: https://conda.anaconda.org/conda-forge/osx-arm64/libopenvino-ir-frontend-2026.3.1-h7561220_0.conda
      - conda: https://conda.anaconda.org/conda-forge/osx-arm64/libopenvino-onnx-frontend-2026.3.1-h3fa9d4a_0.conda
      - conda: https://conda.anaconda.org/conda-forge/osx-arm64/libopenvino-paddle-frontend-2026.3.1-h3fa9d4a_0.conda
      - conda: https://conda.anaconda.org/conda-forge/osx-arm64/libopenvino-pytorch-frontend-2026.3.1-h3df7365_0.conda
      - conda: https://conda.anaconda.org/conda-forge/osx-arm64/libopenvino-tensorflow-frontend-2026.3.1-h5e3894e_0.conda
      - conda: https://conda.anaconda.org/conda-forge/osx-arm64/libopenvino-tensorflow-lite-frontend-2026.3.1-h3df7365_0.conda
      - conda: https://conda.anaconda.org/conda-forge/osx-arm64/libopus-1.6.1-h74c22ad_1.conda
      - conda: https://conda.anaconda.org/conda-forge/osx-arm64/libplacebo-7.360.1-hca394fb_1.conda
      - conda: https://conda.anaconda.org/conda-forge/osx-arm64/libpng-1.6.58-hf5e6511_1.conda
      - conda: https://conda.anaconda.org/conda-forge/osx-arm64/libprotobuf-7.35.1-h391e224_3.conda
      - conda: https://conda.anaconda.org/conda-forge/osx-arm64/librsvg-2.62.3-he8aa2a2_0.conda
      - conda: https://conda.anaconda.org/conda-forge/osx-arm64/libtiff-4.7.2-hf67920b_1.conda
      - conda: https://conda.anaconda.org/conda-forge/osx-arm64/libusb-1.0.29-hbc156a2_0.conda
      - conda: https://conda.anaconda.org/conda-forge/osx-arm64/libvorbis-1.3.7-h81086ad_2.conda
      - conda: https://conda.anaconda.org/conda-forge/osx-arm64/libvpx-1.17.0-h484c67d_0.conda
      - conda: https://conda.anaconda.org/conda-forge/osx-arm64/libvulkan-loader-1.4.357.0-hfbe1efa_2.conda
      - conda: https://conda.anaconda.org/conda-forge/osx-arm64/libwebp-base-1.6.0-h202fb40_1.conda
      - conda: https://conda.anaconda.org/conda-forge/osx-arm64/libxml2-16-2.15.3-h5ef1a60_1.conda
      - conda: https://conda.anaconda.org/conda-forge/osx-arm64/libxml2-2.15.3-h5654f7c_1.conda
      - conda: https://conda.anaconda.org/conda-forge/osx-arm64/libzlib-1.3.2-h8088a28_3.conda
      - conda: https://conda.anaconda.org/conda-forge/osx-arm64/mpg123-1.33.7-h0e3f465_1.conda
      - conda: https://conda.anaconda.org/conda-forge/osx-arm64/openh264-2.6.0-hf8510ef_2.conda
      - conda: https://conda.anaconda.org/conda-forge/osx-arm64/openssl-3.6.4-h55eecbc_0.conda
      - conda: https://conda.anaconda.org/conda-forge/osx-arm64/pango-1.58.2-hf80efc4_0.conda
      - conda: https://conda.anaconda.org/conda-forge/osx-arm64/pcre2-10.47-he63d830_1.conda
      - conda: https://conda.anaconda.org/conda-forge/osx-arm64/pixman-0.46.4-h784d473_3.conda
      - conda: https://conda.anaconda.org/conda-forge/osx-arm64/pugixml-1.15-hd3d436d_0.conda
      - conda: https://conda.anaconda.org/conda-forge/osx-arm64/sdl2-2.32.56-h784d473_0.conda
      - conda: https://conda.anaconda.org/conda-forge/osx-arm64/sdl3-3.4.14-h6fa9c73_0.conda
      - conda: https://conda.anaconda.org/conda-forge/osx-arm64/shaderc-2026.3-hfd4ff19_1.conda
      - conda: https://conda.anaconda.org/conda-forge/osx-arm64/snappy-1.2.2-hada39a4_1.conda
      - conda: https://conda.anaconda.org/conda-forge/osx-arm64/spirv-tools-2026.3-hc0b298b_1.conda
      - conda: https://conda.anaconda.org/conda-forge/osx-arm64/svt-av1-4.2.0-h484c67d_1.conda
      - conda: https://conda.anaconda.org/conda-forge/osx-arm64/tbb-2023.0.0-he0260a5_2.conda
      - conda: https://conda.anaconda.org/conda-forge/osx-arm64/x264-1!164.3095-h57fd34a_2.tar.bz2
      - conda: https://conda.anaconda.org/conda-forge/osx-arm64/x265-3.5-hbc6ce65_3.tar.bz2
      - conda: https://conda.anaconda.org/conda-forge/osx-arm64/zstd-1.5.7-hf451053_7.conda
packages:
- conda: https://conda.anaconda.org/conda-forge/noarch/ca-certificates-2026.7.22-hbd8a1cb_0.conda
  sha256: 0a0544cf95f64394fe4959286f5c71f5444ad58feb0602e53becb27448d24da6
  md5: 0f51e2391ade309db462a55611263e9c
  depends:
  - __unix
  license: ISC
  run_exports: {}
  size: 131780
  timestamp: 1784754889428
- conda: https://conda.anaconda.org/conda-forge/noarch/font-ttf-dejavu-sans-mono-2.37-hab24e00_0.tar.bz2
  sha256: 58d7f40d2940dd0a8aa28651239adbf5613254df0f75789919c4e6762054403b
  md5: 0c96522c6bdaed4b1566d11387caaf45
  license: BSD-3-Clause
  license_family: BSD
  run_exports: {}
  size: 397370
  timestamp: 1566932522327
- conda: https://conda.anaconda.org/conda-forge/noarch/font-ttf-inconsolata-3.000-h77eed37_0.tar.bz2
  sha256: c52a29fdac682c20d252facc50f01e7c2e7ceac52aa9817aaf0bb83f7559ec5c
  md5: 34893075a5c9e55cdafac56607368fc6
  license: OFL-1.1
  license_family: Other
  run_exports: {}
  size: 96530
  timestamp: 1620479909603
- conda: https://conda.anaconda.org/conda-forge/noarch/font-ttf-source-code-pro-2.038-h77eed37_0.tar.bz2
  sha256: 00925c8c055a2275614b4d983e1df637245e19058d79fc7dd1a93b8d9fb4b139
  md5: 4d59c254e01d9cde7957100457e2d5fb
  license: OFL-1.1
  license_family: Other
  run_exports: {}
  size: 700814
  timestamp: 1620479612257
- conda: https://conda.anaconda.org/conda-forge/noarch/font-ttf-ubuntu-0.83-h77eed37_3.conda
  sha256: 2821ec1dc454bd8b9a31d0ed22a7ce22422c0aef163c59f49dfdf915d0f0ca14
  md5: 49023d73832ef61042f6a237cb2687e7
  license: LicenseRef-Ubuntu-Font-Licence-Version-1.0
  license_family: Other
  run_exports: {}
  size: 1620504
  timestamp: 1727511233259
- conda: https://conda.anaconda.org/conda-forge/noarch/fonts-conda-ecosystem-1-0.tar.bz2
  sha256: a997f2f1921bb9c9d76e6fa2f6b408b7fa549edd349a77639c9fe7a23ea93e61
  md5: fee5683a3f04bd15cbd8318b096a27ab
  depends:
  - fonts-conda-forge
  license: BSD-3-Clause
  license_family: BSD
  run_exports: {}
  size: 3667
  timestamp: 1566974674465
- conda: https://conda.anaconda.org/conda-forge/noarch/fonts-conda-forge-1-hc364b38_1.conda
  sha256: 54eea8469786bc2291cc40bca5f46438d3e062a399e8f53f013b6a9f50e98333
  md5: a7970cd949a077b7cb9696379d338681
  depends:
  - font-ttf-ubuntu
  - font-ttf-inconsolata
  - font-ttf-dejavu-sans-mono
  - font-ttf-source-code-pro
  license: BSD-3-Clause
  license_family: BSD
  run_exports: {}
  size: 4059
  timestamp: 1762351264405
- conda: https://conda.anaconda.org/conda-forge/osx-arm64/aom-3.14.1-pl5321hf79ea98_2.conda
  sha256: 292b3cfab77d5db222b53add0ec3b5e7e5c04ce2cb8cf8a7237cbe0643b3e6c1
  md5: 36c4372d5ec4e878999789360e1ad533
  depends:
  - __osx >=11.0
  - libcxx >=21
  license: BSD-2-Clause
  license_family: BSD
  run_exports:
    weak:
    - aom >=3.14.1,<3.15.0a0
  size: 2808232
  timestamp: 1787256153818
- conda: https://conda.anaconda.org/conda-forge/osx-arm64/bzip2-1.0.8-h4e30115_10.conda
  sha256: 8ec22f0ba25cbfc2e64d70cf29459eccd7ffdf6436f6a6ff15bbfef799f7d4f6
  md5: b50612e7d190b8061ab4e7dc119cf4d5
  depends:
  - __osx >=11.0
  license: bzip2-1.0.6
  license_family: BSD
  run_exports:
    weak:
    - bzip2 >=1.0.8,<2.0a0
  size: 124965
  timestamp: 1785906749812
- conda: https://conda.anaconda.org/conda-forge/osx-arm64/cairo-1.18.4-h580cee5_3.conda
  sha256: 07f86bbc50ff910689afdd8a417df6e329646b9424343f3202e32efda9e08acf
  md5: bd8c9c43ff83b23c1aaaaf51f2f889cf
  depends:
  - __osx >=11.0
  - fontconfig >=2.18.3,<3.0a0
  - fonts-conda-ecosystem
  - icu >=78.3,<79.0a0
  - libcxx >=21
  - libexpat >=2.8.1,<3.0a0
  - libfreetype >=2.14.3
  - libfreetype6 >=2.14.3
  - libglib >=2.88.3,<3.0a0
  - libpng >=1.6.58,<1.7.0a0
  - libzlib >=1.3.2,<2.0a0
  - pixman >=0.46.4,<1.0a0
  license: LGPL-2.1-only or MPL-1.1
  run_exports:
    weak:
    - cairo >=1.18.4,<2.0a0
  size: 840110
  timestamp: 1788221324814
- conda: https://conda.anaconda.org/conda-forge/osx-arm64/dav1d-1.2.1-hb547adb_0.conda
  sha256: 93e077b880a85baec8227e8c72199220c7f87849ad32d02c14fb3807368260b8
  md5: 5a74cdee497e6b65173e10d94582fae6
  license: BSD-2-Clause
  license_family: BSD
  run_exports:
    weak:
    - dav1d >=1.2.1,<1.2.2.0a0
  size: 316394
  timestamp: 1685695959391
- conda: https://conda.anaconda.org/conda-forge/osx-arm64/dbus-1.16.2-hf049998_2.conda
  sha256: 60e265d5ac83198f1d13a43ab5cd2de097b10b460a5ad0764ed62af875b4ecdc
  md5: a199888312b83a5c5e2d2880919eb1f2
  depends:
  - __osx >=11.0
  - libcxx >=21
  - libglib >=2.88.3,<3.0a0
  - libexpat >=2.8.1,<3.0a0
  - libzlib >=1.3.2,<2.0a0
  license: AFL-2.1 OR GPL-2.0-or-later
  run_exports:
    weak:
    - dbus >=1.16.2,<2.0a0
  size: 398252
  timestamp: 1788197996006
- conda: https://conda.anaconda.org/conda-forge/osx-arm64/ffmpeg-9.0.1-gpl_h7659707_101.conda
  sha256: 7ad506378018ad343c63e56480d296e1a1d268e7bba141faccd94a6c9455cead
  md5: 6c2a7b88f81f28af7acd1aa0cc326434
  depends:
  - __osx >=11.0
  - aom >=3.14.1,<3.15.0a0
  - bzip2 >=1.0.8,<2.0a0
  - dav1d >=1.2.1,<1.2.2.0a0
  - fontconfig >=2.18.3,<3.0a0
  - fonts-conda-ecosystem
  - gmp >=6.3.0,<7.0a0
  - lame >=4.0,<4.1.0a0
  - libass >=0.17.5,<0.17.6.0a0
  - libcxx >=21
  - libexpat >=2.8.1,<3.0a0
  - libfreetype >=2.14.3
  - libfreetype6 >=2.14.3
  - libharfbuzz >=14.4.0
  - libiconv >=1.18,<2.0a0
  - libjxl >=0.12.0,<0.13.0a0
  - liblzma >=5.8.3,<6.0a0
  - libopenvino >=2026.3.1,<2026.3.2.0a0
  - libopenvino-arm-cpu-plugin >=2026.3.1,<2026.3.2.0a0
  - libopenvino-auto-batch-plugin >=2026.3.1,<2026.3.2.0a0
  - libopenvino-auto-plugin >=2026.3.1,<2026.3.2.0a0
  - libopenvino-hetero-plugin >=2026.3.1,<2026.3.2.0a0
  - libopenvino-ir-frontend >=2026.3.1,<2026.3.2.0a0
  - libopenvino-onnx-frontend >=2026.3.1,<2026.3.2.0a0
  - libopenvino-paddle-frontend >=2026.3.1,<2026.3.2.0a0
  - libopenvino-pytorch-frontend >=2026.3.1,<2026.3.2.0a0
  - libopenvino-tensorflow-frontend >=2026.3.1,<2026.3.2.0a0
  - libopenvino-tensorflow-lite-frontend >=2026.3.1,<2026.3.2.0a0
  - libopus >=1.6.1,<2.0a0
  - libplacebo >=7.360.1,<7.361.0a0
  - librsvg >=2.62.3,<3.0a0
  - libvorbis >=1.3.7,<1.4.0a0
  - libvpx >=1.17.0,<1.18.0a0
  - libvulkan-loader >=1.4.357.0,<2.0a0
  - libwebp-base >=1.6.0,<2.0a0
  - libxml2
  - libxml2-16 >=2.15.3
  - libzlib >=1.3.2,<2.0a0
  - openh264 >=2.6.0,<2.6.1.0a0
  - openssl >=3.5.8,<4.0a0
  - sdl2 >=2.32.56,<3.0a0
  - svt-av1 >=4.2.0,<4.2.1.0a0
  - x264 >=1!164.3095,<1!165
  - x265 >=3.5,<3.6.0a0
  license: GPL-2.0-or-later
  license_family: GPL
  run_exports:
    weak:
    - ffmpeg >=9.0.1,<10.0a0
  size: 10701402
  timestamp: 1788012196120
- conda: https://conda.anaconda.org/conda-forge/osx-arm64/fontconfig-2.18.3-h81aa574_1.conda
  sha256: 004570d35fb0eff73ce3ae49b209a47622d0c2e580dd0dc4c61d59626b386a09
  md5: 8ac8cc3fe744b484de4387703134d8b2
  depends:
  - __osx >=11.0
  - libexpat >=2.8.1,<3.0a0
  - libfreetype >=2.14.3
  - libfreetype6 >=2.14.3
  - libintl >=0.25.1,<1.0a0
  - libzlib >=1.3.2,<2.0a0
  license: MIT
  license_family: MIT
  run_exports:
    weak:
    - fontconfig >=2.18.3,<3.0a0
    - fonts-conda-ecosystem
  size: 265659
  timestamp: 1786667932256
- conda: https://conda.anaconda.org/conda-forge/osx-arm64/freetype-2.14.3-hce30654_2.conda
  sha256: 90681f1d0658cb2fd49a074f644eb4774272499290487a4bebb1c4df01d6997b
  md5: 2f4cc7dc2e6622591735c49dda1b92aa
  depends:
  - libfreetype 2.14.3 hce30654_2
  - libfreetype6 2.14.3 h2ed5691_2
  license: GPL-2.0-only OR FTL
  run_exports:
    weak:
    - libfreetype >=2.14.3
    - libfreetype6 >=2.14.3
  size: 175388
  timestamp: 1786641016583
- conda: https://conda.anaconda.org/conda-forge/osx-arm64/fribidi-1.0.16-h84a0fba_1.conda
  sha256: 6dd18694340b84290bb1906cc1359502b974aada6a8476cfe6dec3ce0e860af8
  md5: 2bb7d7dd91116b8c85e805b0e08cc67b
  depends:
  - __osx >=11.0
  license: LGPL-2.1-or-later
  run_exports:
    weak:
    - fribidi >=1.0.16,<2.0a0
  size: 60230
  timestamp: 1785912572097
- conda: https://conda.anaconda.org/conda-forge/osx-arm64/gdk-pixbuf-2.44.8-h5867e2c_1.conda
  sha256: be81ea838bdf900e3e702e567a1d3b03d334b3976d92233071852c61222be2b2
  md5: 915aaa91c1f49b2362f93f28a8946bcb
  depends:
  - __osx >=11.0
  - libglib >=2.88.3,<3.0a0
  - libintl >=0.25.1,<1.0a0
  - libjpeg-turbo >=3.2.0,<4.0a0
  - liblzma >=5.8.3,<6.0a0
  - libpng >=1.6.58,<1.7.0a0
  - libtiff >=4.7.2,<4.8.0a0
  license: LGPL-2.1-or-later
  license_family: LGPL
  run_exports:
    weak:
    - gdk-pixbuf >=2.44.8,<3.0a0
  size: 553540
  timestamp: 1788227207904
- conda: https://conda.anaconda.org/conda-forge/osx-arm64/glslang-16.5.0-h1a33c25_2.conda
  sha256: c161660cc0a1bd3808365081624babe07fd8104ec67441f3a21d75ab45fe7118
  md5: f6a0ee2a26f4c3faa7aad24c097cbc2d
  depends:
  - __osx >=11.0
  - libcxx >=21
  - spirv-tools >=2026,<2027.0a0
  license: BSD-3-Clause
  license_family: BSD
  run_exports:
    weak:
    - glslang >=16,<17.0a0
  size: 897203
  timestamp: 1787687123081
- conda: https://conda.anaconda.org/conda-forge/osx-arm64/gmp-6.3.0-hf5e55b1_3.conda
  sha256: 980cb1bbc3656d6f923d44297a2c4ab75f20482b8930c70537fd7f1ef2378894
  md5: bbfa5bd261b68536ddcda39e03d3407f
  depends:
  - libcxx >=19
  - __osx >=11.0
  license: GPL-2.0-or-later OR LGPL-3.0-or-later
  run_exports:
    weak:
    - gmp >=6.3.0,<7.0a0
  size: 399307
  timestamp: 1786629210135
- conda: https://conda.anaconda.org/conda-forge/osx-arm64/graphite2-1.3.15-h784d473_1.conda
  sha256: 471f34a187fdb4f2df33e26f2e471b16c239a5b277903f643d9c3a8c9a9f44ec
  md5: 0c7b78d9ffff4f5a6ca28d346f734d8f
  depends:
  - libcxx >=19
  - __osx >=11.0
  license: LGPL-2.0-or-later
  license_family: LGPL
  run_exports:
    weak:
    - graphite2 >=1.3.15,<2.0a0
  size: 86493
  timestamp: 1786118637573
- conda: https://conda.anaconda.org/conda-forge/osx-arm64/harfbuzz-14.4.0-hce30654_0.conda
  sha256: 1cb2c173e80c2c166589e2e43d822db4ce84385d54800a108de39f240e0c24c6
  md5: f71b69fa28637827ec618fe783b7ec11
  depends:
  - libharfbuzz-devel 14.4.0 hcda0f7c_0
  license: MIT
  license_family: MIT
  run_exports:
    weak:
    - libharfbuzz >=14.4.0
  size: 11020
  timestamp: 1787795107813
- conda: https://conda.anaconda.org/conda-forge/osx-arm64/icu-78.3-py310h579977c_2.conda
  sha256: 6cdb5dee54c72e56ab189fb3ad33cb28533553d42590e7e831160248f4416a43
  md5: a5efc0b42bb8b42e97d0a29ae3e3c187
  depends:
  - __osx >=11.0
  license: MIT
  license_family: MIT
  run_exports:
    weak:
    - icu >=78.3,<79.0a0
  size: 14070242
  timestamp: 1786545847761
- conda: https://conda.anaconda.org/conda-forge/osx-arm64/lame-4.0-hef9b5c2_1.conda
  sha256: 98b9195b315777c9cf1d785b5d43f223bafadbb2c5467116d688bd96305fa353
  md5: 5f74847ab1fbc7ffdcfe9d25269eeff6
  depends:
  - __osx >=11.0
  - mpg123 >=1.33.7,<1.34.0a0
  license: LGPL-2.0-only
  license_family: LGPL
  run_exports:
    weak:
    - lame >=4.0,<4.1.0a0
  size: 296576
  timestamp: 1786293154234
- conda: https://conda.anaconda.org/conda-forge/osx-arm64/lcms2-2.19.1-hce41798_2.conda
  sha256: ee92e3ee789881b08a95d254d4dbb54186d31089743eac9bb34df45b33e5b3a2
  md5: 39f3afa677c4f1cd499aec3b1f5c76a9
  depends:
  - __osx >=11.0
  - libjpeg-turbo >=3.2.0,<4.0a0
  - libtiff >=4.7.2,<4.8.0a0
  license: MIT
  license_family: MIT
  run_exports:
    weak:
    - lcms2 >=2.19.1,<3.0a0
  size: 212111
  timestamp: 1788156381412
- conda: https://conda.anaconda.org/conda-forge/osx-arm64/lerc-4.2.0-h1eee2c3_0.conda
  sha256: c97aa17d16d2ac332ba9f184e82ce8f72dcb10e9a10c5f299030be2d44e191b9
  md5: e429aec4037d5cb8fd34ded9f5dadd39
  depends:
  - __osx >=11.0
  - libcxx >=19
  license: Apache-2.0
  license_family: Apache
  run_exports:
    weak:
    - lerc >=4.2.0,<5.0a0
  size: 166477
  timestamp: 1785036480092
- conda: https://conda.anaconda.org/conda-forge/osx-arm64/libabseil-20260526.0-cxx17_h4c27e2a_2.conda
  sha256: d9c62dae9d8f5bebadf72fcf369c00cc353183cb2521f9fffbf4c2f70b58bef9
  md5: 2aa5e7dc7b5d218908effd2a8c70a8a8
  depends:
  - __osx >=11.0
  - libcxx >=19
  constrains:
  - abseil-cpp =20260526.0
  - libabseil-static =20260526.0=cxx17*
  license: Apache-2.0
  license_family: Apache
  run_exports:
    weak:
    - libabseil >=20260526.0,<20260527.0a0
    - libabseil =*=cxx17*
  size: 1277537
  timestamp: 1787217005681
- conda: https://conda.anaconda.org/conda-forge/osx-arm64/libass-0.17.5-h3245dfc_0.conda
  sha256: b006fccaa3e4d122188bd3db71d630d4d3a7d2f99fbcdef5ac53b3299c65909d
  md5: baae8eafd053d3e6bd88c6d053c6f624
  depends:
  - __osx >=11.0
  - libfreetype >=2.14.3
  - libfreetype6 >=2.14.3
  - libiconv >=1.18,<2.0a0
  - harfbuzz >=14.2.1
  - fontconfig >=2.18.1,<3.0a0
  - fonts-conda-ecosystem
  - libzlib >=1.3.2,<2.0a0
  - fribidi >=1.0.16,<2.0a0
  license: ISC
  run_exports:
    weak:
    - libass >=0.17.5,<0.17.6.0a0
  size: 139969
  timestamp: 1782299036301
- conda: https://conda.anaconda.org/conda-forge/osx-arm64/libbrotlicommon-1.2.0-h1dcdb26_3.conda
  sha256: 5e62b856b2e77ce98db44133bacab1281b42c1040dcbd69dbacfb80890cff5b0
  md5: b457450ba3f27c4749783c0204bd17b0
  depends:
  - __osx >=11.0
  license: MIT
  license_family: MIT
  run_exports:
    weak:
    - libbrotlicommon >=1.2.0,<1.3.0a0
  size: 80027
  timestamp: 1786622846050
- conda: https://conda.anaconda.org/conda-forge/osx-arm64/libbrotlidec-1.2.0-h5295a6a_3.conda
  sha256: 510c9fce0d9ffcf41741dd96fc05db381672109d5665ef002c2e58f0d4ca0118
  md5: e07a99c6fdd984f4d588060f2f936bf4
  depends:
  - __osx >=11.0
  - libbrotlicommon 1.2.0 h1dcdb26_3
  license: MIT
  license_family: MIT
  run_exports:
    weak:
    - libbrotlidec >=1.2.0,<1.3.0a0
  size: 29935
  timestamp: 1786622857695
- conda: https://conda.anaconda.org/conda-forge/osx-arm64/libbrotlienc-1.2.0-h2ddc9cb_3.conda
  sha256: eac412417eee2e93c62e9d53559f1f9c14f40b6c41e2c432af8b517596898dd1
  md5: 954c78a9f591bfb12c79beaff7338ec8
  depends:
  - __osx >=11.0
  - libbrotlicommon 1.2.0 h1dcdb26_3
  license: MIT
  license_family: MIT
  run_exports:
    weak:
    - libbrotlienc >=1.2.0,<1.3.0a0
  size: 295650
  timestamp: 1786622868044
- conda: https://conda.anaconda.org/conda-forge/osx-arm64/libcxx-23.1.0-h55c6f16_0.conda
  sha256: d3e5f0b767964af25ef81edffc002f8e822b1a5c55330da1ae3a857f70c4e4ee
  md5: 5303ba06fab927399ed8dfb3227b0af8
  depends:
  - __osx >=11.0
  license: Apache-2.0 WITH LLVM-exception
  license_family: Apache
  run_exports: {}
  size: 575940
  timestamp: 1787698697875
- conda: https://conda.anaconda.org/conda-forge/osx-arm64/libdeflate-1.25-he7e0567_1.conda
  sha256: d896f4aa4ce4c590c2838678cb1917356fdb461d2a189991c0280c818c362172
  md5: 78650d671cb56909bb3e5c13bce310f9
  depends:
  - __osx >=11.0
  license: MIT
  license_family: MIT
  run_exports:
    weak:
    - libdeflate >=1.25,<1.26.0a0
  size: 55727
  timestamp: 1785909153744
- conda: https://conda.anaconda.org/conda-forge/osx-arm64/libdovi-3.4.0-h78f8ca3_0.conda
  sha256: 601623820de052084831278e9fce93aa47fc9afb571a84b806688e46920a276b
  md5: 39f3bc34f80d45b03176c600f1d3c9f5
  depends:
  - __osx >=11.0
  constrains:
  - __osx >=11.0
  license: MIT
  license_family: MIT
  run_exports:
    weak:
    - libdovi >=3.4.0,<4.0a0
  size: 357852
  timestamp: 1784281788521
- conda: https://conda.anaconda.org/conda-forge/osx-arm64/libexpat-2.8.1-hf6b4638_1.conda
  sha256: 5af74261101e3c777399c6294b2b5d290e508153268eb2e9ff99c4d69834612f
  md5: a915151d5d3c5bf039f5ccc8402a436f
  depends:
  - __osx >=11.0
  constrains:
  - expat 2.8.1.*
  license: MIT
  license_family: MIT
  run_exports: {}
  size: 69362
  timestamp: 1781203631990
- conda: https://conda.anaconda.org/conda-forge/osx-arm64/libffi-3.7.0-h47dc5ef_1.conda
  sha256: 2783389a7b9dda04c62cc54c6bbeb03dd3cef24b3fc642715d02a3fa19464a9a
  md5: 216bbcc23c11e9695b3db4a8771d76eb
  depends:
  - __osx >=11.0
  license: MIT
  license_family: MIT
  run_exports:
    weak:
    - libffi >=3.7.0,<3.8.0a0
  size: 43637
  timestamp: 1787753403688
- conda: https://conda.anaconda.org/conda-forge/osx-arm64/libfreetype-2.14.3-hce30654_2.conda
  sha256: 19ce8bd320414cb6b9889ecbf48a3ded848b0d1068b76ff6bea099bd7387d6f3
  md5: ee1fc5bba400ff0cae27fbf141a1ae0c
  depends:
  - libfreetype6 >=2.14.3
  license: GPL-2.0-only OR FTL
  run_exports: {}
  size: 8367
  timestamp: 1786641013393
- conda: https://conda.anaconda.org/conda-forge/osx-arm64/libfreetype6-2.14.3-h2ed5691_2.conda
  sha256: d9b203d6484ad491b5b5f33d49a9d7a91189d776a9adae53d2b63af18ec11e6a
  md5: 881cfb44ea02cc9849f612725a959660
  depends:
  - __osx >=11.0
  - libpng >=1.6.58,<1.7.0a0
  - libzlib >=1.3.2,<2.0a0
  constrains:
  - freetype >=2.14.3
  license: GPL-2.0-only OR FTL
  run_exports: {}
  size: 340923
  timestamp: 1786641012794
- conda: https://conda.anaconda.org/conda-forge/osx-arm64/libglib-2.88.3-h89cd0c0_2.conda
  sha256: 9c25def7c7f9ab98b265690c80012e917d080538875f9679b46ccd0c042e6201
  md5: 14ef48eb322e0bfb1e5fe31e047359e3
  depends:
  - __osx >=11.0
  - libintl >=0.25.1,<1.0a0
  - libzlib >=1.3.2,<2.0a0
  - pcre2 >=10.47,<10.48.0a0
  - libiconv >=1.18,<2.0a0
  - libffi >=3.7.0,<3.8.0a0
  constrains:
  - glib >2.66
  license: LGPL-2.1-or-later
  run_exports:
    weak:
    - libglib >=2.88.3,<3.0a0
  size: 4443052
  timestamp: 1787884141804
- conda: https://conda.anaconda.org/conda-forge/osx-arm64/libharfbuzz-14.4.0-hcda0f7c_0.conda
  sha256: d152fe1ade504acaa7d4167f74565ea1dfd85d88cc9085e076e0e7010068e894
  md5: c931e6d5af7f8f824fab6c474f3a1e94
  depends:
  - __osx >=11.0
  - cairo >=1.18.4,<2.0a0
  - graphite2 >=1.3.15,<2.0a0
  - icu >=78.3,<79.0a0
  - libcxx >=21
  - libfreetype >=2.14.3
  - libfreetype6 >=2.14.3
  - libglib >=2.88.3,<3.0a0
  - libpng >=1.6.58,<1.7.0a0
  - libzlib >=1.3.2,<2.0a0
  license: MIT
  license_family: MIT
  run_exports: {}
  size: 972888
  timestamp: 1787795084686
- conda: https://conda.anaconda.org/conda-forge/osx-arm64/libharfbuzz-devel-14.4.0-hcda0f7c_0.conda
  sha256: 1c98121d5e12ffbb86a77b1477d3bd7eca6f5f22dab3eb50ba57bf2fc98234e8
  md5: 6f23309d5939e5c7edcf57095daaa99a
  depends:
  - __osx >=11.0
  - cairo >=1.18.4,<2.0a0
  - freetype
  - graphite2 >=1.3.15,<2.0a0
  - icu >=78.3,<79.0a0
  - libcxx >=21
  - libfreetype >=2.14.3
  - libfreetype6 >=2.14.3
  - libglib >=2.88.3,<3.0a0
  - libharfbuzz 14.4.0 hcda0f7c_0
  - libpng >=1.6.58,<1.7.0a0
  - libzlib >=1.3.2,<2.0a0
  license: MIT
  license_family: MIT
  run_exports:
    weak:
    - libharfbuzz >=14.4.0
  size: 1508756
  timestamp: 1787795102730
- conda: https://conda.anaconda.org/conda-forge/osx-arm64/libhwloc-2.13.0-default_ha97f43a_1000.conda
  sha256: d47c3c030671d196ff1cdd343e93eb2ae0d7b665cb79f8164cc91488796db437
  md5: fed55ddd65a830cb62e78f07cfffcd41
  depends:
  - __osx >=11.0
  - libcxx >=19
  - libxml2
  - libxml2-16 >=2.14.6
  license: BSD-3-Clause
  license_family: BSD
  run_exports:
    weak:
    - libhwloc >=2.13.0,<2.13.1.0a0
  size: 2339152
  timestamp: 1770953916323
- conda: https://conda.anaconda.org/conda-forge/osx-arm64/libhwy-1.4.0-hd2bdd19_1.conda
  sha256: d965f815878a176fb75329d02718f449230e687e100a081762688f763990abf2
  md5: 0fd99c6f562545ace82194d79e697ad3
  depends:
  - __osx >=11.0
  - libcxx >=21
  license: Apache-2.0 OR BSD-3-Clause
  run_exports:
    weak:
    - libhwy >=1.4.0,<1.5.0a0
  size: 612619
  timestamp: 1787282995626
- conda: https://conda.anaconda.org/conda-forge/osx-arm64/libiconv-1.18-he4c29f2_3.conda
  sha256: 689a14968267f2f97c07112fca5636e7d756036b9aee969911267c20bd3eea1f
  md5: 17f4744c0873e9f77ac9b5cd0a27c187
  depends:
  - __osx >=11.0
  license: LGPL-2.1-only
  run_exports:
    weak:
    - libiconv >=1.18,<2.0a0
  size: 750816
  timestamp: 1787033961086
- conda: https://conda.anaconda.org/conda-forge/osx-arm64/libintl-0.25.1-h493aca8_0.conda
  sha256: 99d2cebcd8f84961b86784451b010f5f0a795ed1c08f1e7c76fbb3c22abf021a
  md5: 5103f6a6b210a3912faf8d7db516918c
  depends:
  - __osx >=11.0
  - libiconv >=1.18,<2.0a0
  license: LGPL-2.1-or-later
  run_exports:
    weak:
    - libintl >=0.25.1,<1.0a0
  size: 90957
  timestamp: 1751558394144
- conda: https://conda.anaconda.org/conda-forge/osx-arm64/libjpeg-turbo-3.2.0-h84a0fba_1.conda
  sha256: 05006418f9392c9b723e8428808db106de0350a497832f95f921b85ff1072310
  md5: b2f8c8e5a7651a1d7c05404c3a159517
  depends:
  - __osx >=11.0
  constrains:
  - jpeg <0.0.0a
  license: IJG AND BSD-3-Clause AND Zlib
  run_exports:
    weak:
    - libjpeg-turbo >=3.2.0,<4.0a0
  size: 558459
  timestamp: 1785896382474
- conda: https://conda.anaconda.org/conda-forge/osx-arm64/libjxl-0.12.0-hb71b141_2.conda
  sha256: 1f02661543be1722b619548b5207d6eaceab5bf95983fd6c9487f52bd8246a7a
  md5: f62de5ae42f3c1f54f87ae2b303f6e90
  depends:
  - libcxx >=21
  - __osx >=11.0
  - libhwy >=1.4.0,<1.5.0a0
  - libbrotlienc >=1.2.0,<1.3.0a0
  - libbrotlidec >=1.2.0,<1.3.0a0
  license: BSD-3-Clause
  license_family: BSD
  run_exports:
    weak:
    - libjxl >=0.12.0,<0.13.0a0
  size: 1054154
  timestamp: 1786691545529
- conda: https://conda.anaconda.org/conda-forge/osx-arm64/liblzma-5.8.3-h8088a28_1.conda
  sha256: 23d0630046a3e8b164d8f80f2b74ed2605af2e7050ab9913018056402fae4311
  md5: 8ab10323068b107661a4b9a4af84f3b5
  depends:
  - __osx >=11.0
  constrains:
  - xz 5.8.3.*
  license: 0BSD
  run_exports:
    weak:
    - liblzma >=5.8.3,<6.0a0
  size: 91720
  timestamp: 1786348695846
- conda: https://conda.anaconda.org/conda-forge/osx-arm64/libogg-1.3.5-h48c0fde_1.conda
  sha256: 28bd1fe20fe43da105da41b95ac201e95a1616126f287985df8e86ddebd1c3d8
  md5: 29b8b11f6d7e6bd0e76c029dcf9dd024
  depends:
  - __osx >=11.0
  license: BSD-3-Clause
  license_family: BSD
  run_exports:
    weak:
    - libogg >=1.3.5,<1.4.0a0
  size: 216719
  timestamp: 1745826006052
- conda: https://conda.anaconda.org/conda-forge/osx-arm64/libopenvino-2026.3.1-h036fd89_0.conda
  sha256: 422b0059e92917f5ea80c641f556023362f19bd3fa72cb5d50c2ab77dc2091fb
  md5: 37ca8dbe3ad77aadf43d8ee33035f7f6
  depends:
  - __osx >=12.0
  - libcxx >=21
  - pugixml >=1.15,<1.16.0a0
  - tbb >=2023.0.0
  license: Apache-2.0
  run_exports:
    weak:
    - libopenvino >=2026.3.1,<2026.3.2.0a0
  size: 4772558
  timestamp: 1787936017668
- conda: https://conda.anaconda.org/conda-forge/osx-arm64/libopenvino-arm-cpu-plugin-2026.3.1-h036fd89_0.conda
  sha256: 3fa44e84c427927fe5040cb4ab642a2cb4efe46c54baa47f09a182ec5b1e0037
  md5: 1fe6514109d05f8696631f04f174340a
  depends:
  - __osx >=12.0
  - libcxx >=21
  - libopenvino 2026.3.1 h036fd89_0
  - pugixml >=1.15,<1.16.0a0
  - tbb >=2023.0.0
  license: Apache-2.0
  run_exports: {}
  size: 8765631
  timestamp: 1787936034648
- conda: https://conda.anaconda.org/conda-forge/osx-arm64/libopenvino-auto-batch-plugin-2026.3.1-h4771a85_0.conda
  sha256: 086a6f4efeda3077a833f63b6195d9af468b157e175643c64b4e794d25c683ba
  md5: b99f89b3bc1b046cc526643daaf11f5d
  depends:
  - __osx >=12.0
  - libcxx >=21
  - libopenvino 2026.3.1 h036fd89_0
  - tbb >=2023.0.0
  license: Apache-2.0
  run_exports: {}
  size: 105606
  timestamp: 1787936060570
- conda: https://conda.anaconda.org/conda-forge/osx-arm64/libopenvino-auto-plugin-2026.3.1-h4771a85_0.conda
  sha256: 9f00e5d401781bfe7d90729ecf67809c24f4067320846ff50bc7c3508d4f9d1c
  md5: 170fd8a3f36f8ff24b60d7109956c452
  depends:
  - __osx >=12.0
  - libcxx >=21
  - libopenvino 2026.3.1 h036fd89_0
  - tbb >=2023.0.0
  license: Apache-2.0
  run_exports: {}
  size: 214275
  timestamp: 1787936070167
- conda: https://conda.anaconda.org/conda-forge/osx-arm64/libopenvino-hetero-plugin-2026.3.1-h7561220_0.conda
  sha256: d8d4e98a893e8a85090e90392ebeb0ed25855c565c2e3d3646da14ebc6b7033f
  md5: 4750fb35e614f95b5e5ea3060719184a
  depends:
  - __osx >=12.0
  - libcxx >=21
  - libopenvino 2026.3.1 h036fd89_0
  - pugixml >=1.15,<1.16.0a0
  license: Apache-2.0
  run_exports: {}
  size: 194811
  timestamp: 1787936079061
- conda: https://conda.anaconda.org/conda-forge/osx-arm64/libopenvino-ir-frontend-2026.3.1-h7561220_0.conda
  sha256: 1f12a149a9559df50c46a083c30ac120e0dd39fe88845dccb87e44928715f8f3
  md5: 3087697f4bbed2025ef11f00d7cfe443
  depends:
  - __osx >=12.0
  - libcxx >=21
  - libopenvino 2026.3.1 h036fd89_0
  - pugixml >=1.15,<1.16.0a0
  license: Apache-2.0
  run_exports:
    weak:
    - libopenvino-ir-frontend >=2026.3.1,<2026.3.2.0a0
  size: 182564
  timestamp: 1787936087769
- conda: https://conda.anaconda.org/conda-forge/osx-arm64/libopenvino-onnx-frontend-2026.3.1-h3fa9d4a_0.conda
  sha256: 4046ab001e471992594f05179a9caca40d094713257fa145bcabe7f5d1a56a5f
  md5: ab7f8de8b0f366501b09febc2cc096e4
  depends:
  - __osx >=12.0
  - libabseil * cxx17*
  - libabseil >=20260526.0,<20260527.0a0
  - libcxx >=21
  - libopenvino 2026.3.1 h036fd89_0
  - libprotobuf >=7.35.1,<7.35.2.0a0
  license: Apache-2.0
  run_exports:
    weak:
    - libopenvino-onnx-frontend >=2026.3.1,<2026.3.2.0a0
  size: 1584621
  timestamp: 1787936097749
- conda: https://conda.anaconda.org/conda-forge/osx-arm64/libopenvino-paddle-frontend-2026.3.1-h3fa9d4a_0.conda
  sha256: d91e96b093dcb5d5046aff6b78679a592c183f75f248616a67ef01378f1cb4b6
  md5: ba60ede3e72cc9d44813b9c36b9fdd9c
  depends:
  - __osx >=12.0
  - libabseil * cxx17*
  - libabseil >=20260526.0,<20260527.0a0
  - libcxx >=21
  - libopenvino 2026.3.1 h036fd89_0
  - libprotobuf >=7.35.1,<7.35.2.0a0
  license: Apache-2.0
  run_exports:
    weak:
    - libopenvino-paddle-frontend >=2026.3.1,<2026.3.2.0a0
  size: 442356
  timestamp: 1787936109482
- conda: https://conda.anaconda.org/conda-forge/osx-arm64/libopenvino-pytorch-frontend-2026.3.1-h3df7365_0.conda
  sha256: 2dc0bca7bb5c618e743de86d5898eb74aae63db23b3c31b0871a53af8dffae1d
  md5: 2d8d5024c8707ac062c78c5695bc20c3
  depends:
  - __osx >=12.0
  - libcxx >=21
  - libopenvino 2026.3.1 h036fd89_0
  license: Apache-2.0
  run_exports:
    weak:
    - libopenvino-pytorch-frontend >=2026.3.1,<2026.3.2.0a0
  size: 862812
  timestamp: 1787936118796
- conda: https://conda.anaconda.org/conda-forge/osx-arm64/libopenvino-tensorflow-frontend-2026.3.1-h5e3894e_0.conda
  sha256: 1f3e0d994b9fed6229284c9fbd76d309fe3e9105b9841dc3f953eef79e8a1187
  md5: 3c5bf585804b80dd8900e675844c2e1f
  depends:
  - __osx >=12.0
  - libabseil * cxx17*
  - libabseil >=20260526.0,<20260527.0a0
  - libcxx >=21
  - libopenvino 2026.3.1 h036fd89_0
  - libprotobuf >=7.35.1,<7.35.2.0a0
  - snappy >=1.2.2,<1.3.0a0
  license: Apache-2.0
  run_exports:
    weak:
    - libopenvino-tensorflow-frontend >=2026.3.1,<2026.3.2.0a0
  size: 922165
  timestamp: 1787936128534
- conda: https://conda.anaconda.org/conda-forge/osx-arm64/libopenvino-tensorflow-lite-frontend-2026.3.1-h3df7365_0.conda
  sha256: 071d331f73232f5a0dd03a7463f058c35d360eafb3feb119a1ba80519ed27462
  md5: f117412cd84b786deebefc31abd7d97a
  depends:
  - __osx >=12.0
  - libcxx >=21
  - libopenvino 2026.3.1 h036fd89_0
  license: Apache-2.0
  run_exports:
    weak:
    - libopenvino-tensorflow-lite-frontend >=2026.3.1,<2026.3.2.0a0
  size: 409061
  timestamp: 1787936138040
- conda: https://conda.anaconda.org/conda-forge/osx-arm64/libopus-1.6.1-h74c22ad_1.conda
  sha256: f5fd2e1b1fec6da5d9218177b7d989af15f5aa14a84a1b1491dc3572e2457f1f
  md5: 66c2ba320f3687ee66d53cc5546ded5f
  depends:
  - __osx >=11.0
  license: BSD-3-Clause
  license_family: BSD
  run_exports:
    weak:
    - libopus >=1.6.1,<2.0a0
  size: 317033
  timestamp: 1787247651190
- conda: https://conda.anaconda.org/conda-forge/osx-arm64/libplacebo-7.360.1-hca394fb_1.conda
  sha256: 7b50ecb8b110540b5b980ba94499fe760947e079bc119a7fac02dfb3df9cfb53
  md5: dff7f8dd3053f3253d79171216aa1db7
  depends:
  - __osx >=11.0
  - libcxx >=19
  - libvulkan-loader >=1.4.341.0,<2.0a0
  - shaderc >=2026.3,<2026.4.0a0
  - lcms2 >=2.19.1,<3.0a0
  - libdovi >=3.4.0,<4.0a0
  license: LGPL-2.1-or-later
  run_exports:
    weak:
    - libplacebo >=7.360.1,<7.361.0a0
  size: 529560
  timestamp: 1784287976080
- conda: https://conda.anaconda.org/conda-forge/osx-arm64/libpng-1.6.58-hf5e6511_1.conda
  sha256: f88da60b348ee1f3e1a9c20fe02142fdafe889f08da0b1cc33c1f3f14460239d
  md5: e0466c58fd07db190b9a81b5e58539f2
  depends:
  - __osx >=11.0
  - libzlib >=1.3.2,<2.0a0
  license: zlib-acknowledgement
  run_exports:
    weak:
    - libpng >=1.6.58,<1.7.0a0
  size: 290219
  timestamp: 1786616561185
- conda: https://conda.anaconda.org/conda-forge/osx-arm64/libprotobuf-7.35.1-h391e224_3.conda
  sha256: 4129c13739e30dfbab8c20594acd8c182de2008f4dfc94d54f52b556eb39050c
  md5: 7666c238f885d0c7927607ebfc163f97
  depends:
  - __osx >=12.0
  - libabseil * cxx17*
  - libabseil >=20260526.0,<20260527.0a0
  - libcxx >=21
  - libzlib >=1.3.2,<2.0a0
  license: BSD-3-Clause
  license_family: BSD
  run_exports:
    weak:
    - libprotobuf >=7.35.1,<7.35.2.0a0
  size: 2877232
  timestamp: 1787657252942
- conda: https://conda.anaconda.org/conda-forge/osx-arm64/librsvg-2.62.3-he8aa2a2_0.conda
  sha256: f5b4fb7b6f13bbfca59613bff2e70b5a398e80727b9d0f814837ffcbc34185e1
  md5: 6973724fadafe66ac6e4f1c55c191407
  depends:
  - __osx >=11.0
  - cairo >=1.18.4,<2.0a0
  - fontconfig >=2.18.0,<3.0a0
  - fonts-conda-ecosystem
  - gdk-pixbuf >=2.44.6,<3.0a0
  - harfbuzz >=14.2.0
  - libglib >=2.88.1,<3.0a0
  - libxml2-16 >=2.14.6
  - pango >=1.56.4,<2.0a0
  constrains:
  - __osx >=11.0
  license: LGPL-2.1-or-later
  run_exports:
    weak:
    - librsvg >=2.62.3,<3.0a0
  size: 2397567
  timestamp: 1780452232118
- conda: https://conda.anaconda.org/conda-forge/osx-arm64/libtiff-4.7.2-hf67920b_1.conda
  sha256: 847d22a86ae28f66d3888702698254d25bb4eac3a0f64c1fabfb1842ac00be4c
  md5: b6b191267455bf202af79f973690ed5d
  depends:
  - __osx >=11.0
  - lerc >=4.2.0,<5.0a0
  - libcxx >=21
  - libdeflate >=1.25,<1.26.0a0
  - libjpeg-turbo >=3.2.0,<4.0a0
  - liblzma >=5.8.3,<6.0a0
  - libwebp-base >=1.6.0,<2.0a0
  - libzlib >=1.3.2,<2.0a0
  - zstd >=1.5.7,<1.6.0a0
  license: HPND
  run_exports:
    weak:
    - libtiff >=4.7.2,<4.8.0a0
  size: 380645
  timestamp: 1787756067271
- conda: https://conda.anaconda.org/conda-forge/osx-arm64/libusb-1.0.29-hbc156a2_0.conda
  sha256: 5eee9a2bf359e474d4548874bcfc8d29ebad0d9ba015314439c256904e40aaad
  md5: f6654e9e96e9d973981b3b2f898a5bfa
  depends:
  - __osx >=11.0
  license: LGPL-2.1-or-later
  run_exports:
    weak:
    - libusb >=1.0.29,<2.0a0
  size: 83849
  timestamp: 1748856224950
- conda: https://conda.anaconda.org/conda-forge/osx-arm64/libvorbis-1.3.7-h81086ad_2.conda
  sha256: 95768e4eceaffb973081fd986d03da15d93aa10609ed202e6fd5ca1e490a3dce
  md5: 719e7653178a09f5ca0aa05f349b41f7
  depends:
  - libogg
  - libcxx >=19
  - __osx >=11.0
  - libogg >=1.3.5,<1.4.0a0
  license: BSD-3-Clause
  license_family: BSD
  run_exports:
    weak:
    - libvorbis >=1.3.7,<1.4.0a0
  size: 259122
  timestamp: 1753879389702
- conda: https://conda.anaconda.org/conda-forge/osx-arm64/libvpx-1.17.0-h484c67d_0.conda
  sha256: 2413c6959f78ed821aaa74f596ea3678ef54a63d89c8517f1146dfbdac3f798d
  md5: 10b1026148bced752958b3c217cb054a
  depends:
  - __osx >=11.0
  - libcxx >=21
  license: BSD-3-Clause
  license_family: BSD
  run_exports:
    weak:
    - libvpx >=1.17.0,<1.18.0a0
  size: 1234768
  timestamp: 1787764200133
- conda: https://conda.anaconda.org/conda-forge/osx-arm64/libvulkan-loader-1.4.357.0-hfbe1efa_2.conda
  sha256: aaf22c7f0bbd2bac3a070a49e03c0c4baedf16ce22ad80ca697a7c15422c5de8
  md5: 054a1eb01ab7f0f9aa3bdbe1594e0366
  depends:
  - __osx >=11.0
  - libcxx >=21
  constrains:
  - libvulkan-headers 1.4.357.0.*
  license: Apache-2.0
  license_family: APACHE
  run_exports:
    weak:
    - libvulkan-loader >=1.4.357.0,<2.0a0
  size: 186735
  timestamp: 1787491990282
- conda: https://conda.anaconda.org/conda-forge/osx-arm64/libwebp-base-1.6.0-h202fb40_1.conda
  sha256: 0ff54650d470c7e54cbeffdd53a8c063e055a7bcf784388c0385ce5c4741b0f4
  md5: 168a13e329259710b28277abc1395b8e
  depends:
  - __osx >=11.0
  constrains:
  - libwebp 1.6.0
  license: BSD-3-Clause
  license_family: BSD
  run_exports:
    weak:
    - libwebp-base >=1.6.0,<2.0a0
  size: 294522
  timestamp: 1785955350410
- conda: https://conda.anaconda.org/conda-forge/osx-arm64/libxml2-16-2.15.3-h5ef1a60_1.conda
  sha256: 2ca61d8287339c726b151fa612e83d2afa1418b89fa17694c873dc231bc9b077
  md5: f86c0b8ac5c866049717b55df1049c2c
  depends:
  - __osx >=11.0
  - icu >=78.3,<79.0a0
  - libiconv >=1.18,<2.0a0
  - liblzma >=5.8.3,<6.0a0
  - libzlib >=1.3.2,<2.0a0
  constrains:
  - libxml2 2.15.3
  license: MIT
  license_family: MIT
  run_exports: {}
  size: 466188
  timestamp: 1787237580766
- conda: https://conda.anaconda.org/conda-forge/osx-arm64/libxml2-2.15.3-h5654f7c_1.conda
  sha256: ff1b70683ccb82f8aa7f3eda53405a2036d849daba4e4e622f330dcd49d37700
  md5: 06a3f8eb5cdde56b2d10b49ae3337954
  depends:
  - __osx >=11.0
  - icu >=78.3,<79.0a0
  - libiconv >=1.18,<2.0a0
  - liblzma >=5.8.3,<6.0a0
  - libxml2-16 2.15.3 h5ef1a60_1
  - libzlib >=1.3.2,<2.0a0
  license: MIT
  license_family: MIT
  run_exports:
    weak:
    - libxml2
    - libxml2-16 >=2.15.3
  size: 41264
  timestamp: 1787237585903
- conda: https://conda.anaconda.org/conda-forge/osx-arm64/libzlib-1.3.2-h8088a28_3.conda
  sha256: a18fa5d5bac452401459f966cf0d872224e8080c4ff93c77e168d43ab42ef9d7
  md5: f39288f0ea63ae962e1a2e4f355a0d75
  depends:
  - __osx >=11.0
  constrains:
  - zlib 1.3.2 *_3
  license: Zlib
  license_family: Other
  run_exports:
    weak:
    - libzlib >=1.3.2,<2.0a0
  size: 47822
  timestamp: 1785277049190
- conda: https://conda.anaconda.org/conda-forge/osx-arm64/mpg123-1.33.7-h0e3f465_1.conda
  sha256: 36cdae1076fc8d92b030af4e8d02e32629aaa31dbe32233040a04d495815b0bb
  md5: 84ddf9a511461763c80703597bb91875
  depends:
  - __osx >=11.0
  - libcxx >=21
  license: LGPL-2.1-only
  license_family: LGPL
  run_exports:
    weak:
    - mpg123 >=1.33.7,<1.34.0a0
  size: 371102
  timestamp: 1787312032517
- conda: https://conda.anaconda.org/conda-forge/osx-arm64/openh264-2.6.0-hf8510ef_2.conda
  sha256: abbf05ef3f338eb70623400c6ecf3318fe3a71fbf56b1099d7b3fddd13a0a0aa
  md5: 9cafae3c7258971bbf051eeb0e78a628
  depends:
  - __osx >=11.0
  - libcxx >=21
  license: BSD-2-Clause
  license_family: BSD
  run_exports:
    weak:
    - openh264 >=2.6.0,<2.6.1.0a0
  size: 604653
  timestamp: 1787274245300
- conda: https://conda.anaconda.org/conda-forge/osx-arm64/openssl-3.6.4-h55eecbc_0.conda
  sha256: f23239eacd75c4c50705e68fae1aa3292da473e6a3a4abe2330f1e6afa680704
  md5: ae71ab40048c19a389a7dcccb86c2481
  depends:
  - __osx >=11.0
  - ca-certificates
  license: Apache-2.0
  license_family: Apache
  run_exports:
    weak:
    - openssl >=3.6.4,<4.0a0
  size: 3110142
  timestamp: 1787698648639
- conda: https://conda.anaconda.org/conda-forge/osx-arm64/pango-1.58.2-hf80efc4_0.conda
  sha256: c300fba11c4cd7cdd7609b6f165981af24d2181d40280ca6af420710c4c7d42e
  md5: 83c3d3d895dd96f87b0a1916e2c41f70
  depends:
  - __osx >=11.0
  - cairo >=1.18.4,<2.0a0
  - fontconfig >=2.18.2,<3.0a0
  - fonts-conda-ecosystem
  - fribidi >=1.0.16,<2.0a0
  - libexpat >=2.8.1,<3.0a0
  - libfreetype >=2.14.3
  - libfreetype6 >=2.14.3
  - libglib >=2.88.3,<3.0a0
  - libharfbuzz >=14.3.0
  - libpng >=1.6.58,<1.7.0a0
  - libzlib >=1.3.2,<2.0a0
  license: LGPL-2.1-or-later
  run_exports:
    weak:
    - pango >=1.58.2,<2.0a0
  size: 444011
  timestamp: 1786108209790
- conda: https://conda.anaconda.org/conda-forge/osx-arm64/pcre2-10.47-he63d830_1.conda
  sha256: f8c415329b542e1fca1ff2917b80e687c18302dfa0353530668b90cb225b494f
  md5: 5ab90033816cbe4097e8a297e5179f67
  depends:
  - __osx >=11.0
  - bzip2 >=1.0.8,<2.0a0
  - libzlib >=1.3.2,<2.0a0
  license: BSD-3-Clause
  license_family: BSD
  run_exports:
    weak:
    - pcre2 >=10.47,<10.48.0a0
  size: 851704
  timestamp: 1787294559157
- conda: https://conda.anaconda.org/conda-forge/osx-arm64/pixman-0.46.4-h784d473_3.conda
  sha256: 4779cd57231ce2e96fac643fcbdd4a6f51a57986264545445574e9c4acf526d3
  md5: 9a99c0b60efe41c194d01c182d000733
  depends:
  - __osx >=11.0
  - libcxx >=19
  license: MIT
  license_family: MIT
  run_exports:
    weak:
    - pixman >=0.46.4,<1.0a0
  size: 198717
  timestamp: 1786106922508
- conda: https://conda.anaconda.org/conda-forge/osx-arm64/pugixml-1.15-hd3d436d_0.conda
  sha256: 5ad8d036040b095f85d23c70624d3e5e1e4c00bc5cea97831542f2dcae294ec9
  md5: b9a4004e46de7aeb005304a13b35cb94
  depends:
  - __osx >=11.0
  - libcxx >=18
  license: MIT
  license_family: MIT
  run_exports:
    weak:
    - pugixml >=1.15,<1.16.0a0
  size: 91283
  timestamp: 1736601509593
- conda: https://conda.anaconda.org/conda-forge/osx-arm64/sdl2-2.32.56-h784d473_0.conda
  sha256: 595db3f62eec1b86aad03ad8c7e4943e78a18e112228c91adf3f3ada4e959a5c
  md5: 81a4c982e9ac52e620eb810f463de9ad
  depends:
  - __osx >=11.0
  - libcxx >=19
  - sdl3 >=3.4.12,<4.0a0
  license: Zlib
  run_exports:
    weak:
    - sdl2 >=2.32.56,<3.0a0
  size: 543557
  timestamp: 1783451926011
- conda: https://conda.anaconda.org/conda-forge/osx-arm64/sdl3-3.4.14-h6fa9c73_0.conda
  sha256: d8b6805b8b1011afcad6c857ddd9fd38335f32dcf369152a8ec0615518f6331a
  md5: 1e0f2089d4efd60b4407466b0f4cf81a
  depends:
  - __osx >=11.0
  - libcxx >=19
  - libusb >=1.0.29,<2.0a0
  - libvulkan-loader >=1.4.357.0,<2.0a0
  - dbus >=1.16.2,<2.0a0
  license: Zlib
  run_exports:
    weak:
    - sdl3 >=3.4.14,<4.0a0
  size: 1569006
  timestamp: 1785816152396
- conda: https://conda.anaconda.org/conda-forge/osx-arm64/shaderc-2026.3-hfd4ff19_1.conda
  sha256: 1fbea82ad781f388ed21306e967a864895f56cb3f1debb41017f05dc18f5477f
  md5: bb6a0172ab548a4de87805182f3afb0b
  depends:
  - __osx >=11.0
  - glslang >=16,<17.0a0
  - libcxx >=21
  - spirv-tools >=2026,<2027.0a0
  license: Apache-2.0
  license_family: Apache
  run_exports:
    weak:
    - shaderc >=2026.3,<2026.4.0a0
  size: 112461
  timestamp: 1787711281322
- conda: https://conda.anaconda.org/conda-forge/osx-arm64/snappy-1.2.2-hada39a4_1.conda
  sha256: cb9305ede19584115f43baecdf09a3866bfcd5bcca0d9e527bd76d9a1dbe2d8d
  md5: fca4a2222994acd7f691e57f94b750c5
  depends:
  - libcxx >=19
  - __osx >=11.0
  license: BSD-3-Clause
  license_family: BSD
  run_exports:
    weak:
    - snappy >=1.2.2,<1.3.0a0
  size: 38883
  timestamp: 1762948066818
- conda: https://conda.anaconda.org/conda-forge/osx-arm64/spirv-tools-2026.3-hc0b298b_1.conda
  sha256: 962119a27ea90e229d8294dab4d21b221b630898a31cbc0c90cfb9f874e6c132
  md5: 92f682d75053c1fe0743ded97193d6e5
  depends:
  - __osx >=11.0
  - libcxx >=21
  constrains:
  - spirv-headers >=1.4.357.0,<1.4.357.1.0a0
  license: Apache-2.0
  license_family: APACHE
  run_exports:
    weak:
    - spirv-tools >=2026,<2027.0a0
  size: 1683131
  timestamp: 1787525925536
- conda: https://conda.anaconda.org/conda-forge/osx-arm64/svt-av1-4.2.0-h484c67d_1.conda
  sha256: 9122d11ed85053b1223ea0645aeac0ca583adc7482e60e3266c37e70d5242195
  md5: 253103cc53f925c8a19fd07a000d7b78
  depends:
  - __osx >=11.0
  - libcxx >=21
  license: BSD-2-Clause
  license_family: BSD
  run_exports:
    weak:
    - svt-av1 >=4.2.0,<4.2.1.0a0
  size: 1539599
  timestamp: 1787257109113
- conda: https://conda.anaconda.org/conda-forge/osx-arm64/tbb-2023.0.0-he0260a5_2.conda
  sha256: 6f72a2984052444b9381020fa329b83dace95f335573dc21199f1b1d1a5f5473
  md5: 440c0a36cc20db1f28877a69afbb5e88
  depends:
  - __osx >=11.0
  - libcxx >=19
  - libhwloc >=2.13.0,<2.13.1.0a0
  license: Apache-2.0
  license_family: APACHE
  run_exports: {}
  size: 122303
  timestamp: 1778675142610
- conda: https://conda.anaconda.org/conda-forge/osx-arm64/x264-1!164.3095-h57fd34a_2.tar.bz2
  sha256: debdf60bbcfa6a60201b12a1d53f36736821db281a28223a09e0685edcce105a
  md5: b1f6dccde5d3a1f911960b6e567113ff
  license: GPL-2.0-or-later
  license_family: GPL
  run_exports:
    weak:
    - x264 >=1!164.3095,<1!165
  size: 717038
  timestamp: 1660323292329
- conda: https://conda.anaconda.org/conda-forge/osx-arm64/x265-3.5-hbc6ce65_3.tar.bz2
  sha256: 2fed6987dba7dee07bd9adc1a6f8e6c699efb851431bcb6ebad7de196e87841d
  md5: b1f7f2780feffe310b068c021e8ff9b2
  depends:
  - libcxx >=12.0.1
  license: GPL-2.0-or-later
  license_family: GPL
  run_exports:
    weak:
    - x265 >=3.5,<3.6.0a0
  size: 1832744
  timestamp: 1646609481185
- conda: https://conda.anaconda.org/conda-forge/osx-arm64/zstd-1.5.7-hf451053_7.conda
  sha256: da867f5092eb0cb746d353694f0098031fd9817a4ce7d5743121209ae0f406ca
  md5: 4ec2684c73812cc2c3d78379384a39cc
  depends:
  - __osx >=11.0
  - libzlib >=1.3.2,<2.0a0
  license: BSD-3-Clause
  license_family: BSD
  run_exports:
    weak:
    - zstd >=1.5.7,<1.6.0a0
  size: 433687
  timestamp: 1786599629846
